
Microsoft Visual Studio Solution File, Format Version 12.00
# Visual Studio Version 16
VisualStudioVersion = 16.0.30413.136
MinimumVisualStudioVersion = 10.0.40219.1
Project("{D954291E-2A0B-460D-934E-DC6B0785DB48}") = "UnoWithMVVM.Shared", "UnoWithMVVM\UnoWithMVVM.Shared\UnoWithMVVM.Shared.shproj", "{6279C845-92F8-4333-AB99-3D213163593C}"
EndProject
Project("{FAE04EC0-301F-11D3-BF4B-00C04F79EFBC}") = "UnoWithMVVM.Droid", "UnoWithMVVM\UnoWithMVVM.Droid\UnoWithMVVM.Droid.csproj", "{D75351E2-2250-4EA1-A77A-0695AB3501C5}"
EndProject
Project("{FAE04EC0-301F-11D3-BF4B-00C04F79EFBC}") = "UnoWithMVVM.iOS", "UnoWithMVVM\UnoWithMVVM.iOS\UnoWithMVVM.iOS.csproj", "{C4A2C5F6-6707-4079-8F25-A3CF71471E9A}"
EndProject
Project("{FAE04EC0-301F-11D3-BF4B-00C04F79EFBC}") = "UnoWithMVVM.UWP", "UnoWithMVVM\UnoWithMVVM.UWP\UnoWithMVVM.UWP.csproj", "{66D6BB0D-A9EF-4403-9B57-63822CA92BAC}"
EndProject
Project("{FAE04EC0-301F-11D3-BF4B-00C04F79EFBC}") = "UnoWithMVVM.Wasm", "UnoWithMVVM\UnoWithMVVM.Wasm\UnoWithMVVM.Wasm.csproj", "{FDC83DCD-DAC0-470D-82D9-2555B54B6284}"
EndProject
Project("{FAE04EC0-301F-11D3-BF4B-00C04F79EFBC}") = "UnoWithMVVM.macOS", "UnoWithMVVM\UnoWithMVVM.macOS\UnoWithMVVM.macOS.csproj", "{5F2C7B5A-7478-4257-A8A0-013FD2281A86}"
EndProject
Project("{FAE04EC0-301F-11D3-BF4B-00C04F79EFBC}") = "UnoWithMVVM.Core", "UnoWithMVVM.Core\UnoWithMVVM.Core.csproj", "{4CDF9745-3B86-41AC-87D2-323DF295D3D6}"
EndProject
Global
	GlobalSection(SharedMSBuildProjectFiles) = preSolution
		UnoWithMVVM\UnoWithMVVM.Shared\UnoWithMVVM.Shared.projitems*{5f2c7b5a-7478-4257-a8a0-013fd2281a86}*SharedItemsImports = 4
		UnoWithMVVM\UnoWithMVVM.Shared\UnoWithMVVM.Shared.projitems*{6279c845-92f8-4333-ab99-3d213163593c}*SharedItemsImports = 13
		UnoWithMVVM\UnoWithMVVM.Shared\UnoWithMVVM.Shared.projitems*{66d6bb0d-a9ef-4403-9b57-63822ca92bac}*SharedItemsImports = 4
		UnoWithMVVM\UnoWithMVVM.Shared\UnoWithMVVM.Shared.projitems*{c4a2c5f6-6707-4079-8f25-a3cf71471e9a}*SharedItemsImports = 4
		UnoWithMVVM\UnoWithMVVM.Shared\UnoWithMVVM.Shared.projitems*{d75351e2-2250-4ea1-a77a-0695ab3501c5}*SharedItemsImports = 4
		UnoWithMVVM\UnoWithMVVM.Shared\UnoWithMVVM.Shared.projitems*{fdc83dcd-dac0-470d-82d9-2555b54b6284}*SharedItemsImports = 5
	EndGlobalSection
	GlobalSection(SolutionConfigurationPlatforms) = preSolution
		Ad-Hoc|Any CPU = Ad-Hoc|Any CPU
		Ad-Hoc|ARM = Ad-Hoc|ARM
		Ad-Hoc|ARM64 = Ad-Hoc|ARM64
		Ad-Hoc|iPhone = Ad-Hoc|iPhone
		Ad-Hoc|iPhoneSimulator = Ad-Hoc|iPhoneSimulator
		Ad-Hoc|x64 = Ad-Hoc|x64
		Ad-Hoc|x86 = Ad-Hoc|x86
		AppStore|Any CPU = AppStore|Any CPU
		AppStore|ARM = AppStore|ARM
		AppStore|ARM64 = AppStore|ARM64
		AppStore|iPhone = AppStore|iPhone
		AppStore|iPhoneSimulator = AppStore|iPhoneSimulator
		AppStore|x64 = AppStore|x64
		AppStore|x86 = AppStore|x86
		Debug|Any CPU = Debug|Any CPU
		Debug|ARM = Debug|ARM
		Debug|ARM64 = Debug|ARM64
		Debug|iPhone = Debug|iPhone
		Debug|iPhoneSimulator = Debug|iPhoneSimulator
		Debug|x64 = Debug|x64
		Debug|x86 = Debug|x86
		Release|Any CPU = Release|Any CPU
		Release|ARM = Release|ARM
		Release|ARM64 = Release|ARM64
		Release|iPhone = Release|iPhone
		Release|iPhoneSimulator = Release|iPhoneSimulator
		Release|x64 = Release|x64
		Release|x86 = Release|x86
	EndGlobalSection
	GlobalSection(ProjectConfigurationPlatforms) = postSolution
		{D75351E2-2250-4EA1-A77A-0695AB3501C5}.Ad-Hoc|Any CPU.ActiveCfg = Release|Any CPU
		{D75351E2-2250-4EA1-A77A-0695AB3501C5}.Ad-Hoc|Any CPU.Build.0 = Release|Any CPU
		{D75351E2-2250-4EA1-A77A-0695AB3501C5}.Ad-Hoc|Any CPU.Deploy.0 = Release|Any CPU
		{D75351E2-2250-4EA1-A77A-0695AB3501C5}.Ad-Hoc|ARM.ActiveCfg = Release|Any CPU
		{D75351E2-2250-4EA1-A77A-0695AB3501C5}.Ad-Hoc|ARM.Build.0 = Release|Any CPU
		{D75351E2-2250-4EA1-A77A-0695AB3501C5}.Ad-Hoc|ARM.Deploy.0 = Release|Any CPU
		{D75351E2-2250-4EA1-A77A-0695AB3501C5}.Ad-Hoc|ARM64.ActiveCfg = Release|Any CPU
		{D75351E2-2250-4EA1-A77A-0695AB3501C5}.Ad-Hoc|ARM64.Build.0 = Release|Any CPU
		{D75351E2-2250-4EA1-A77A-0695AB3501C5}.Ad-Hoc|ARM64.Deploy.0 = Release|Any CPU
		{D75351E2-2250-4EA1-A77A-0695AB3501C5}.Ad-Hoc|iPhone.ActiveCfg = Release|Any CPU
		{D75351E2-2250-4EA1-A77A-0695AB3501C5}.Ad-Hoc|iPhone.Build.0 = Release|Any CPU
		{D75351E2-2250-4EA1-A77A-0695AB3501C5}.Ad-Hoc|iPhone.Deploy.0 = Release|Any CPU
		{D75351E2-2250-4EA1-A77A-0695AB3501C5}.Ad-Hoc|iPhoneSimulator.ActiveCfg = Release|Any CPU
		{D75351E2-2250-4EA1-A77A-0695AB3501C5}.Ad-Hoc|iPhoneSimulator.Build.0 = Release|Any CPU
		{D75351E2-2250-4EA1-A77A-0695AB3501C5}.Ad-Hoc|iPhoneSimulator.Deploy.0 = Release|Any CPU
		{D75351E2-2250-4EA1-A77A-0695AB3501C5}.Ad-Hoc|x64.ActiveCfg = Release|Any CPU
		{D75351E2-2250-4EA1-A77A-0695AB3501C5}.Ad-Hoc|x64.Build.0 = Release|Any CPU
		{D75351E2-2250-4EA1-A77A-0695AB3501C5}.Ad-Hoc|x64.Deploy.0 = Release|Any CPU
		{D75351E2-2250-4EA1-A77A-0695AB3501C5}.Ad-Hoc|x86.ActiveCfg = Release|Any CPU
		{D75351E2-2250-4EA1-A77A-0695AB3501C5}.Ad-Hoc|x86.Build.0 = Release|Any CPU
		{D75351E2-2250-4EA1-A77A-0695AB3501C5}.Ad-Hoc|x86.Deploy.0 = Release|Any CPU
		{D75351E2-2250-4EA1-A77A-0695AB3501C5}.AppStore|Any CPU.ActiveCfg = Release|Any CPU
		{D75351E2-2250-4EA1-A77A-0695AB3501C5}.AppStore|Any CPU.Build.0 = Release|Any CPU
		{D75351E2-2250-4EA1-A77A-0695AB3501C5}.AppStore|Any CPU.Deploy.0 = Release|Any CPU
		{D75351E2-2250-4EA1-A77A-0695AB3501C5}.AppStore|ARM.ActiveCfg = Release|Any CPU
		{D75351E2-2250-4EA1-A77A-0695AB3501C5}.AppStore|ARM.Build.0 = Release|Any CPU
		{D75351E2-2250-4EA1-A77A-0695AB3501C5}.AppStore|ARM.Deploy.0 = Release|Any CPU
		{D75351E2-2250-4EA1-A77A-0695AB3501C5}.AppStore|ARM64.ActiveCfg = Release|Any CPU
		{D75351E2-2250-4EA1-A77A-0695AB3501C5}.AppStore|ARM64.Build.0 = Release|Any CPU
		{D75351E2-2250-4EA1-A77A-0695AB3501C5}.AppStore|ARM64.Deploy.0 = Release|Any CPU
		{D75351E2-2250-4EA1-A77A-0695AB3501C5}.AppStore|iPhone.ActiveCfg = Release|Any CPU
		{D75351E2-2250-4EA1-A77A-0695AB3501C5}.AppStore|iPhone.Build.0 = Release|Any CPU
		{D75351E2-2250-4EA1-A77A-0695AB3501C5}.AppStore|iPhone.Deploy.0 = Release|Any CPU
		{D75351E2-2250-4EA1-A77A-0695AB3501C5}.AppStore|iPhoneSimulator.ActiveCfg = Release|Any CPU
		{D75351E2-2250-4EA1-A77A-0695AB3501C5}.AppStore|iPhoneSimulator.Build.0 = Release|Any CPU
		{D75351E2-2250-4EA1-A77A-0695AB3501C5}.AppStore|iPhoneSimulator.Deploy.0 = Release|Any CPU
		{D75351E2-2250-4EA1-A77A-0695AB3501C5}.AppStore|x64.ActiveCfg = Release|Any CPU
		{D75351E2-2250-4EA1-A77A-0695AB3501C5}.AppStore|x64.Build.0 = Release|Any CPU
		{D75351E2-2250-4EA1-A77A-0695AB3501C5}.AppStore|x64.Deploy.0 = Release|Any CPU
		{D75351E2-2250-4EA1-A77A-0695AB3501C5}.AppStore|x86.ActiveCfg = Release|Any CPU
		{D75351E2-2250-4EA1-A77A-0695AB3501C5}.AppStore|x86.Build.0 = Release|Any CPU
		{D75351E2-2250-4EA1-A77A-0695AB3501C5}.AppStore|x86.Deploy.0 = Release|Any CPU
		{D75351E2-2250-4EA1-A77A-0695AB3501C5}.Debug|Any CPU.ActiveCfg = Debug|Any CPU
		{D75351E2-2250-4EA1-A77A-0695AB3501C5}.Debug|Any CPU.Build.0 = Debug|Any CPU
		{D75351E2-2250-4EA1-A77A-0695AB3501C5}.Debug|Any CPU.Deploy.0 = Debug|Any CPU
		{D75351E2-2250-4EA1-A77A-0695AB3501C5}.Debug|ARM.ActiveCfg = Debug|Any CPU
		{D75351E2-2250-4EA1-A77A-0695AB3501C5}.Debug|ARM.Build.0 = Debug|Any CPU
		{D75351E2-2250-4EA1-A77A-0695AB3501C5}.Debug|ARM.Deploy.0 = Debug|Any CPU
		{D75351E2-2250-4EA1-A77A-0695AB3501C5}.Debug|ARM64.ActiveCfg = Debug|Any CPU
		{D75351E2-2250-4EA1-A77A-0695AB3501C5}.Debug|ARM64.Build.0 = Debug|Any CPU
		{D75351E2-2250-4EA1-A77A-0695AB3501C5}.Debug|ARM64.Deploy.0 = Debug|Any CPU
		{D75351E2-2250-4EA1-A77A-0695AB3501C5}.Debug|iPhone.ActiveCfg = Debug|Any CPU
		{D75351E2-2250-4EA1-A77A-0695AB3501C5}.Debug|iPhone.Build.0 = Debug|Any CPU
		{D75351E2-2250-4EA1-A77A-0695AB3501C5}.Debug|iPhone.Deploy.0 = Debug|Any CPU
		{D75351E2-2250-4EA1-A77A-0695AB3501C5}.Debug|iPhoneSimulator.ActiveCfg = Debug|Any CPU
		{D75351E2-2250-4EA1-A77A-0695AB3501C5}.Debug|iPhoneSimulator.Build.0 = Debug|Any CPU
		{D75351E2-2250-4EA1-A77A-0695AB3501C5}.Debug|iPhoneSimulator.Deploy.0 = Debug|Any CPU
		{D75351E2-2250-4EA1-A77A-0695AB3501C5}.Debug|x64.ActiveCfg = Debug|Any CPU
		{D75351E2-2250-4EA1-A77A-0695AB3501C5}.Debug|x64.Build.0 = Debug|Any CPU
		{D75351E2-2250-4EA1-A77A-0695AB3501C5}.Debug|x64.Deploy.0 = Debug|Any CPU
		{D75351E2-2250-4EA1-A77A-0695AB3501C5}.Debug|x86.ActiveCfg = Debug|Any CPU
		{D75351E2-2250-4EA1-A77A-0695AB3501C5}.Debug|x86.Build.0 = Debug|Any CPU
		{D75351E2-2250-4EA1-A77A-0695AB3501C5}.Debug|x86.Deploy.0 = Debug|Any CPU
		{D75351E2-2250-4EA1-A77A-0695AB3501C5}.Release|Any CPU.ActiveCfg = Release|Any CPU
		{D75351E2-2250-4EA1-A77A-0695AB3501C5}.Release|Any CPU.Build.0 = Release|Any CPU
		{D75351E2-2250-4EA1-A77A-0695AB3501C5}.Release|Any CPU.Deploy.0 = Release|Any CPU
		{D75351E2-2250-4EA1-A77A-0695AB3501C5}.Release|ARM.ActiveCfg = Release|Any CPU
		{D75351E2-2250-4EA1-A77A-0695AB3501C5}.Release|ARM.Build.0 = Release|Any CPU
		{D75351E2-2250-4EA1-A77A-0695AB3501C5}.Release|ARM.Deploy.0 = Release|Any CPU
		{D75351E2-2250-4EA1-A77A-0695AB3501C5}.Release|ARM64.ActiveCfg = Release|Any CPU
		{D75351E2-2250-4EA1-A77A-0695AB3501C5}.Release|ARM64.Build.0 = Release|Any CPU
		{D75351E2-2250-4EA1-A77A-0695AB3501C5}.Release|ARM64.Deploy.0 = Release|Any CPU
		{D75351E2-2250-4EA1-A77A-0695AB3501C5}.Release|iPhone.ActiveCfg = Release|Any CPU
		{D75351E2-2250-4EA1-A77A-0695AB3501C5}.Release|iPhone.Build.0 = Release|Any CPU
		{D75351E2-2250-4EA1-A77A-0695AB3501C5}.Release|iPhone.Deploy.0 = Release|Any CPU
		{D75351E2-2250-4EA1-A77A-0695AB3501C5}.Release|iPhoneSimulator.ActiveCfg = Release|Any CPU
		{D75351E2-2250-4EA1-A77A-0695AB3501C5}.Release|iPhoneSimulator.Build.0 = Release|Any CPU
		{D75351E2-2250-4EA1-A77A-0695AB3501C5}.Release|iPhoneSimulator.Deploy.0 = Release|Any CPU
		{D75351E2-2250-4EA1-A77A-0695AB3501C5}.Release|x64.ActiveCfg = Release|Any CPU
		{D75351E2-2250-4EA1-A77A-0695AB3501C5}.Release|x64.Build.0 = Release|Any CPU
		{D75351E2-2250-4EA1-A77A-0695AB3501C5}.Release|x64.Deploy.0 = Release|Any CPU
		{D75351E2-2250-4EA1-A77A-0695AB3501C5}.Release|x86.ActiveCfg = Release|Any CPU
		{D75351E2-2250-4EA1-A77A-0695AB3501C5}.Release|x86.Build.0 = Release|Any CPU
		{D75351E2-2250-4EA1-A77A-0695AB3501C5}.Release|x86.Deploy.0 = Release|Any CPU
		{C4A2C5F6-6707-4079-8F25-A3CF71471E9A}.Ad-Hoc|Any CPU.ActiveCfg = Ad-Hoc|iPhone
		{C4A2C5F6-6707-4079-8F25-A3CF71471E9A}.Ad-Hoc|ARM.ActiveCfg = Ad-Hoc|iPhone
		{C4A2C5F6-6707-4079-8F25-A3CF71471E9A}.Ad-Hoc|ARM64.ActiveCfg = Ad-Hoc|iPhone
		{C4A2C5F6-6707-4079-8F25-A3CF71471E9A}.Ad-Hoc|iPhone.ActiveCfg = Ad-Hoc|iPhone
		{C4A2C5F6-6707-4079-8F25-A3CF71471E9A}.Ad-Hoc|iPhone.Build.0 = Ad-Hoc|iPhone
		{C4A2C5F6-6707-4079-8F25-A3CF71471E9A}.Ad-Hoc|iPhoneSimulator.ActiveCfg = Ad-Hoc|iPhoneSimulator
		{C4A2C5F6-6707-4079-8F25-A3CF71471E9A}.Ad-Hoc|iPhoneSimulator.Build.0 = Ad-Hoc|iPhoneSimulator
		{C4A2C5F6-6707-4079-8F25-A3CF71471E9A}.Ad-Hoc|x64.ActiveCfg = Ad-Hoc|iPhone
		{C4A2C5F6-6707-4079-8F25-A3CF71471E9A}.Ad-Hoc|x86.ActiveCfg = Ad-Hoc|iPhone
		{C4A2C5F6-6707-4079-8F25-A3CF71471E9A}.AppStore|Any CPU.ActiveCfg = AppStore|iPhone
		{C4A2C5F6-6707-4079-8F25-A3CF71471E9A}.AppStore|ARM.ActiveCfg = AppStore|iPhone
		{C4A2C5F6-6707-4079-8F25-A3CF71471E9A}.AppStore|ARM64.ActiveCfg = AppStore|iPhone
		{C4A2C5F6-6707-4079-8F25-A3CF71471E9A}.AppStore|iPhone.ActiveCfg = AppStore|iPhone
		{C4A2C5F6-6707-4079-8F25-A3CF71471E9A}.AppStore|iPhone.Build.0 = AppStore|iPhone
		{C4A2C5F6-6707-4079-8F25-A3CF71471E9A}.AppStore|iPhoneSimulator.ActiveCfg = AppStore|iPhoneSimulator
		{C4A2C5F6-6707-4079-8F25-A3CF71471E9A}.AppStore|iPhoneSimulator.Build.0 = AppStore|iPhoneSimulator
		{C4A2C5F6-6707-4079-8F25-A3CF71471E9A}.AppStore|x64.ActiveCfg = AppStore|iPhone
		{C4A2C5F6-6707-4079-8F25-A3CF71471E9A}.AppStore|x86.ActiveCfg = AppStore|iPhone
		{C4A2C5F6-6707-4079-8F25-A3CF71471E9A}.Debug|Any CPU.ActiveCfg = Debug|iPhone
		{C4A2C5F6-6707-4079-8F25-A3CF71471E9A}.Debug|ARM.ActiveCfg = Debug|iPhone
		{C4A2C5F6-6707-4079-8F25-A3CF71471E9A}.Debug|ARM64.ActiveCfg = Debug|iPhone
		{C4A2C5F6-6707-4079-8F25-A3CF71471E9A}.Debug|iPhone.ActiveCfg = Debug|iPhone
		{C4A2C5F6-6707-4079-8F25-A3CF71471E9A}.Debug|iPhone.Build.0 = Debug|iPhone
		{C4A2C5F6-6707-4079-8F25-A3CF71471E9A}.Debug|iPhoneSimulator.ActiveCfg = Debug|iPhoneSimulator
		{C4A2C5F6-6707-4079-8F25-A3CF71471E9A}.Debug|iPhoneSimulator.Build.0 = Debug|iPhoneSimulator
		{C4A2C5F6-6707-4079-8F25-A3CF71471E9A}.Debug|x64.ActiveCfg = Debug|iPhone
		{C4A2C5F6-6707-4079-8F25-A3CF71471E9A}.Debug|x86.ActiveCfg = Debug|iPhone
		{C4A2C5F6-6707-4079-8F25-A3CF71471E9A}.Release|Any CPU.ActiveCfg = Release|iPhone
		{C4A2C5F6-6707-4079-8F25-A3CF71471E9A}.Release|ARM.ActiveCfg = Release|iPhone
		{C4A2C5F6-6707-4079-8F25-A3CF71471E9A}.Release|ARM64.ActiveCfg = Release|iPhone
		{C4A2C5F6-6707-4079-8F25-A3CF71471E9A}.Release|iPhone.ActiveCfg = Release|iPhone
		{C4A2C5F6-6707-4079-8F25-A3CF71471E9A}.Release|iPhone.Build.0 = Release|iPhone
		{C4A2C5F6-6707-4079-8F25-A3CF71471E9A}.Release|iPhoneSimulator.ActiveCfg = Release|iPhoneSimulator
		{C4A2C5F6-6707-4079-8F25-A3CF71471E9A}.Release|iPhoneSimulator.Build.0 = Release|iPhoneSimulator
		{C4A2C5F6-6707-4079-8F25-A3CF71471E9A}.Release|x64.ActiveCfg = Release|iPhone
		{C4A2C5F6-6707-4079-8F25-A3CF71471E9A}.Release|x86.ActiveCfg = Release|iPhone
		{66D6BB0D-A9EF-4403-9B57-63822CA92BAC}.Ad-Hoc|Any CPU.ActiveCfg = Release|x64
		{66D6BB0D-A9EF-4403-9B57-63822CA92BAC}.Ad-Hoc|Any CPU.Build.0 = Release|x64
		{66D6BB0D-A9EF-4403-9B57-63822CA92BAC}.Ad-Hoc|Any CPU.Deploy.0 = Release|x64
		{66D6BB0D-A9EF-4403-9B57-63822CA92BAC}.Ad-Hoc|ARM.ActiveCfg = Release|ARM
		{66D6BB0D-A9EF-4403-9B57-63822CA92BAC}.Ad-Hoc|ARM.Build.0 = Release|ARM
		{66D6BB0D-A9EF-4403-9B57-63822CA92BAC}.Ad-Hoc|ARM.Deploy.0 = Release|ARM
		{66D6BB0D-A9EF-4403-9B57-63822CA92BAC}.Ad-Hoc|ARM64.ActiveCfg = Release|ARM64
		{66D6BB0D-A9EF-4403-9B57-63822CA92BAC}.Ad-Hoc|ARM64.Build.0 = Release|ARM64
		{66D6BB0D-A9EF-4403-9B57-63822CA92BAC}.Ad-Hoc|ARM64.Deploy.0 = Release|ARM64
		{66D6BB0D-A9EF-4403-9B57-63822CA92BAC}.Ad-Hoc|iPhone.ActiveCfg = Release|x64
		{66D6BB0D-A9EF-4403-9B57-63822CA92BAC}.Ad-Hoc|iPhone.Build.0 = Release|x64
		{66D6BB0D-A9EF-4403-9B57-63822CA92BAC}.Ad-Hoc|iPhone.Deploy.0 = Release|x64
		{66D6BB0D-A9EF-4403-9B57-63822CA92BAC}.Ad-Hoc|iPhoneSimulator.ActiveCfg = Release|x64
		{66D6BB0D-A9EF-4403-9B57-63822CA92BAC}.Ad-Hoc|iPhoneSimulator.Build.0 = Release|x64
		{66D6BB0D-A9EF-4403-9B57-63822CA92BAC}.Ad-Hoc|iPhoneSimulator.Deploy.0 = Release|x64
		{66D6BB0D-A9EF-4403-9B57-63822CA92BAC}.Ad-Hoc|x64.ActiveCfg = Release|x64
		{66D6BB0D-A9EF-4403-9B57-63822CA92BAC}.Ad-Hoc|x64.Build.0 = Release|x64
		{66D6BB0D-A9EF-4403-9B57-63822CA92BAC}.Ad-Hoc|x64.Deploy.0 = Release|x64
		{66D6BB0D-A9EF-4403-9B57-63822CA92BAC}.Ad-Hoc|x86.ActiveCfg = Release|x86
		{66D6BB0D-A9EF-4403-9B57-63822CA92BAC}.Ad-Hoc|x86.Build.0 = Release|x86
		{66D6BB0D-A9EF-4403-9B57-63822CA92BAC}.Ad-Hoc|x86.Deploy.0 = Release|x86
		{66D6BB0D-A9EF-4403-9B57-63822CA92BAC}.AppStore|Any CPU.ActiveCfg = Release|x64
		{66D6BB0D-A9EF-4403-9B57-63822CA92BAC}.AppStore|Any CPU.Build.0 = Release|x64
		{66D6BB0D-A9EF-4403-9B57-63822CA92BAC}.AppStore|Any CPU.Deploy.0 = Release|x64
		{66D6BB0D-A9EF-4403-9B57-63822CA92BAC}.AppStore|ARM.ActiveCfg = Release|ARM
		{66D6BB0D-A9EF-4403-9B57-63822CA92BAC}.AppStore|ARM.Build.0 = Release|ARM
		{66D6BB0D-A9EF-4403-9B57-63822CA92BAC}.AppStore|ARM.Deploy.0 = Release|ARM
		{66D6BB0D-A9EF-4403-9B57-63822CA92BAC}.AppStore|ARM64.ActiveCfg = Release|ARM64
		{66D6BB0D-A9EF-4403-9B57-63822CA92BAC}.AppStore|ARM64.Build.0 = Release|ARM64
		{66D6BB0D-A9EF-4403-9B57-63822CA92BAC}.AppStore|ARM64.Deploy.0 = Release|ARM64
		{66D6BB0D-A9EF-4403-9B57-63822CA92BAC}.AppStore|iPhone.ActiveCfg = Release|x64
		{66D6BB0D-A9EF-4403-9B57-63822CA92BAC}.AppStore|iPhone.Build.0 = Release|x64
		{66D6BB0D-A9EF-4403-9B57-63822CA92BAC}.AppStore|iPhone.Deploy.0 = Release|x64
		{66D6BB0D-A9EF-4403-9B57-63822CA92BAC}.AppStore|iPhoneSimulator.ActiveCfg = Release|x64
		{66D6BB0D-A9EF-4403-9B57-63822CA92BAC}.AppStore|iPhoneSimulator.Build.0 = Release|x64
		{66D6BB0D-A9EF-4403-9B57-63822CA92BAC}.AppStore|iPhoneSimulator.Deploy.0 = Release|x64
		{66D6BB0D-A9EF-4403-9B57-63822CA92BAC}.AppStore|x64.ActiveCfg = Release|x64
		{66D6BB0D-A9EF-4403-9B57-63822CA92BAC}.AppStore|x64.Build.0 = Release|x64
		{66D6BB0D-A9EF-4403-9B57-63822CA92BAC}.AppStore|x64.Deploy.0 = Release|x64
		{66D6BB0D-A9EF-4403-9B57-63822CA92BAC}.AppStore|x86.ActiveCfg = Release|x86
		{66D6BB0D-A9EF-4403-9B57-63822CA92BAC}.AppStore|x86.Build.0 = Release|x86
		{66D6BB0D-A9EF-4403-9B57-63822CA92BAC}.AppStore|x86.Deploy.0 = Release|x86
		{66D6BB0D-A9EF-4403-9B57-63822CA92BAC}.Debug|Any CPU.ActiveCfg = Debug|x86
		{66D6BB0D-A9EF-4403-9B57-63822CA92BAC}.Debug|Any CPU.Build.0 = Debug|x86
		{66D6BB0D-A9EF-4403-9B57-63822CA92BAC}.Debug|Any CPU.Deploy.0 = Debug|x86
		{66D6BB0D-A9EF-4403-9B57-63822CA92BAC}.Debug|ARM.ActiveCfg = Debug|ARM
		{66D6BB0D-A9EF-4403-9B57-63822CA92BAC}.Debug|ARM.Build.0 = Debug|ARM
		{66D6BB0D-A9EF-4403-9B57-63822CA92BAC}.Debug|ARM.Deploy.0 = Debug|ARM
		{66D6BB0D-A9EF-4403-9B57-63822CA92BAC}.Debug|ARM64.ActiveCfg = Debug|ARM64
		{66D6BB0D-A9EF-4403-9B57-63822CA92BAC}.Debug|ARM64.Build.0 = Debug|ARM64
		{66D6BB0D-A9EF-4403-9B57-63822CA92BAC}.Debug|ARM64.Deploy.0 = Debug|ARM64
		{66D6BB0D-A9EF-4403-9B57-63822CA92BAC}.Debug|iPhone.ActiveCfg = Debug|x86
		{66D6BB0D-A9EF-4403-9B57-63822CA92BAC}.Debug|iPhoneSimulator.ActiveCfg = Debug|x86
		{66D6BB0D-A9EF-4403-9B57-63822CA92BAC}.Debug|x64.ActiveCfg = Debug|x64
		{66D6BB0D-A9EF-4403-9B57-63822CA92BAC}.Debug|x64.Build.0 = Debug|x64
		{66D6BB0D-A9EF-4403-9B57-63822CA92BAC}.Debug|x64.Deploy.0 = Debug|x64
		{66D6BB0D-A9EF-4403-9B57-63822CA92BAC}.Debug|x86.ActiveCfg = Debug|x86
		{66D6BB0D-A9EF-4403-9B57-63822CA92BAC}.Debug|x86.Build.0 = Debug|x86
		{66D6BB0D-A9EF-4403-9B57-63822CA92BAC}.Debug|x86.Deploy.0 = Debug|x86
		{66D6BB0D-A9EF-4403-9B57-63822CA92BAC}.Release|Any CPU.ActiveCfg = Release|x86
		{66D6BB0D-A9EF-4403-9B57-63822CA92BAC}.Release|ARM.ActiveCfg = Release|ARM
		{66D6BB0D-A9EF-4403-9B57-63822CA92BAC}.Release|ARM.Build.0 = Release|ARM
		{66D6BB0D-A9EF-4403-9B57-63822CA92BAC}.Release|ARM.Deploy.0 = Release|ARM
		{66D6BB0D-A9EF-4403-9B57-63822CA92BAC}.Release|ARM64.ActiveCfg = Release|ARM64
		{66D6BB0D-A9EF-4403-9B57-63822CA92BAC}.Release|ARM64.Build.0 = Release|ARM64
		{66D6BB0D-A9EF-4403-9B57-63822CA92BAC}.Release|ARM64.Deploy.0 = Release|ARM64
		{66D6BB0D-A9EF-4403-9B57-63822CA92BAC}.Release|iPhone.ActiveCfg = Release|x86
		{66D6BB0D-A9EF-4403-9B57-63822CA92BAC}.Release|iPhoneSimulator.ActiveCfg = Release|x86
		{66D6BB0D-A9EF-4403-9B57-63822CA92BAC}.Release|x64.ActiveCfg = Release|x64
		{66D6BB0D-A9EF-4403-9B57-63822CA92BAC}.Release|x64.Build.0 = Release|x64
		{66D6BB0D-A9EF-4403-9B57-63822CA92BAC}.Release|x64.Deploy.0 = Release|x64
		{66D6BB0D-A9EF-4403-9B57-63822CA92BAC}.Release|x86.ActiveCfg = Release|x86
		{66D6BB0D-A9EF-4403-9B57-63822CA92BAC}.Release|x86.Build.0 = Release|x86
		{66D6BB0D-A9EF-4403-9B57-63822CA92BAC}.Release|x86.Deploy.0 = Release|x86
		{FDC83DCD-DAC0-470D-82D9-2555B54B6284}.Ad-Hoc|Any CPU.ActiveCfg = Debug|Any CPU
		{FDC83DCD-DAC0-470D-82D9-2555B54B6284}.Ad-Hoc|Any CPU.Build.0 = Debug|Any CPU
		{FDC83DCD-DAC0-470D-82D9-2555B54B6284}.Ad-Hoc|ARM.ActiveCfg = Debug|Any CPU
		{FDC83DCD-DAC0-470D-82D9-2555B54B6284}.Ad-Hoc|ARM.Build.0 = Debug|Any CPU
		{FDC83DCD-DAC0-470D-82D9-2555B54B6284}.Ad-Hoc|ARM64.ActiveCfg = Debug|Any CPU
		{FDC83DCD-DAC0-470D-82D9-2555B54B6284}.Ad-Hoc|ARM64.Build.0 = Debug|Any CPU
		{FDC83DCD-DAC0-470D-82D9-2555B54B6284}.Ad-Hoc|iPhone.ActiveCfg = Debug|Any CPU
		{FDC83DCD-DAC0-470D-82D9-2555B54B6284}.Ad-Hoc|iPhone.Build.0 = Debug|Any CPU
		{FDC83DCD-DAC0-470D-82D9-2555B54B6284}.Ad-Hoc|iPhoneSimulator.ActiveCfg = Debug|Any CPU
		{FDC83DCD-DAC0-470D-82D9-2555B54B6284}.Ad-Hoc|iPhoneSimulator.Build.0 = Debug|Any CPU
		{FDC83DCD-DAC0-470D-82D9-2555B54B6284}.Ad-Hoc|x64.ActiveCfg = Debug|Any CPU
		{FDC83DCD-DAC0-470D-82D9-2555B54B6284}.Ad-Hoc|x64.Build.0 = Debug|Any CPU
		{FDC83DCD-DAC0-470D-82D9-2555B54B6284}.Ad-Hoc|x86.ActiveCfg = Debug|Any CPU
		{FDC83DCD-DAC0-470D-82D9-2555B54B6284}.Ad-Hoc|x86.Build.0 = Debug|Any CPU
		{FDC83DCD-DAC0-470D-82D9-2555B54B6284}.AppStore|Any CPU.ActiveCfg = Debug|Any CPU
		{FDC83DCD-DAC0-470D-82D9-2555B54B6284}.AppStore|Any CPU.Build.0 = Debug|Any CPU
		{FDC83DCD-DAC0-470D-82D9-2555B54B6284}.AppStore|ARM.ActiveCfg = Debug|Any CPU
		{FDC83DCD-DAC0-470D-82D9-2555B54B6284}.AppStore|ARM.Build.0 = Debug|Any CPU
		{FDC83DCD-DAC0-470D-82D9-2555B54B6284}.AppStore|ARM64.ActiveCfg = Debug|Any CPU
		{FDC83DCD-DAC0-470D-82D9-2555B54B6284}.AppStore|ARM64.Build.0 = Debug|Any CPU
		{FDC83DCD-DAC0-470D-82D9-2555B54B6284}.AppStore|iPhone.ActiveCfg = Debug|Any CPU
		{FDC83DCD-DAC0-470D-82D9-2555B54B6284}.AppStore|iPhone.Build.0 = Debug|Any CPU
		{FDC83DCD-DAC0-470D-82D9-2555B54B6284}.AppStore|iPhoneSimulator.ActiveCfg = Debug|Any CPU
		{FDC83DCD-DAC0-470D-82D9-2555B54B6284}.AppStore|iPhoneSimulator.Build.0 = Debug|Any CPU
		{FDC83DCD-DAC0-470D-82D9-2555B54B6284}.AppStore|x64.ActiveCfg = Debug|Any CPU
		{FDC83DCD-DAC0-470D-82D9-2555B54B6284}.AppStore|x64.Build.0 = Debug|Any CPU
		{FDC83DCD-DAC0-470D-82D9-2555B54B6284}.AppStore|x86.ActiveCfg = Debug|Any CPU
		{FDC83DCD-DAC0-470D-82D9-2555B54B6284}.AppStore|x86.Build.0 = Debug|Any CPU
		{FDC83DCD-DAC0-470D-82D9-2555B54B6284}.Debug|Any CPU.ActiveCfg = Debug|Any CPU
		{FDC83DCD-DAC0-470D-82D9-2555B54B6284}.Debug|Any CPU.Build.0 = Debug|Any CPU
		{FDC83DCD-DAC0-470D-82D9-2555B54B6284}.Debug|ARM.ActiveCfg = Debug|Any CPU
		{FDC83DCD-DAC0-470D-82D9-2555B54B6284}.Debug|ARM.Build.0 = Debug|Any CPU
		{FDC83DCD-DAC0-470D-82D9-2555B54B6284}.Debug|ARM64.ActiveCfg = Debug|Any CPU
		{FDC83DCD-DAC0-470D-82D9-2555B54B6284}.Debug|ARM64.Build.0 = Debug|Any CPU
		{FDC83DCD-DAC0-470D-82D9-2555B54B6284}.Debug|iPhone.ActiveCfg = Debug|Any CPU
		{FDC83DCD-DAC0-470D-82D9-2555B54B6284}.Debug|iPhone.Build.0 = Debug|Any CPU
		{FDC83DCD-DAC0-470D-82D9-2555B54B6284}.Debug|iPhoneSimulator.ActiveCfg = Debug|Any CPU
		{FDC83DCD-DAC0-470D-82D9-2555B54B6284}.Debug|iPhoneSimulator.Build.0 = Debug|Any CPU
		{FDC83DCD-DAC0-470D-82D9-2555B54B6284}.Debug|x64.ActiveCfg = Debug|Any CPU
		{FDC83DCD-DAC0-470D-82D9-2555B54B6284}.Debug|x64.Build.0 = Debug|Any CPU
		{FDC83DCD-DAC0-470D-82D9-2555B54B6284}.Debug|x86.ActiveCfg = Debug|Any CPU
		{FDC83DCD-DAC0-470D-82D9-2555B54B6284}.Debug|x86.Build.0 = Debug|Any CPU
		{FDC83DCD-DAC0-470D-82D9-2555B54B6284}.Release|Any CPU.ActiveCfg = Release|Any CPU
		{FDC83DCD-DAC0-470D-82D9-2555B54B6284}.Release|Any CPU.Build.0 = Release|Any CPU
		{FDC83DCD-DAC0-470D-82D9-2555B54B6284}.Release|ARM.ActiveCfg = Release|Any CPU
		{FDC83DCD-DAC0-470D-82D9-2555B54B6284}.Release|ARM.Build.0 = Release|Any CPU
		{FDC83DCD-DAC0-470D-82D9-2555B54B6284}.Release|ARM64.ActiveCfg = Release|Any CPU
		{FDC83DCD-DAC0-470D-82D9-2555B54B6284}.Release|ARM64.Build.0 = Release|Any CPU
		{FDC83DCD-DAC0-470D-82D9-2555B54B6284}.Release|iPhone.ActiveCfg = Release|Any CPU
		{FDC83DCD-DAC0-470D-82D9-2555B54B6284}.Release|iPhone.Build.0 = Release|Any CPU
		{FDC83DCD-DAC0-470D-82D9-2555B54B6284}.Release|iPhoneSimulator.ActiveCfg = Release|Any CPU
		{FDC83DCD-DAC0-470D-82D9-2555B54B6284}.Release|iPhoneSimulator.Build.0 = Release|Any CPU
		{FDC83DCD-DAC0-470D-82D9-2555B54B6284}.Release|x64.ActiveCfg = Release|Any CPU
		{FDC83DCD-DAC0-470D-82D9-2555B54B6284}.Release|x64.Build.0 = Release|Any CPU
		{FDC83DCD-DAC0-470D-82D9-2555B54B6284}.Release|x86.ActiveCfg = Release|Any CPU
		{FDC83DCD-DAC0-470D-82D9-2555B54B6284}.Release|x86.Build.0 = Release|Any CPU
		{5F2C7B5A-7478-4257-A8A0-013FD2281A86}.Ad-Hoc|Any CPU.ActiveCfg = Release|iPhoneSimulator
		{5F2C7B5A-7478-4257-A8A0-013FD2281A86}.Ad-Hoc|Any CPU.Build.0 = Release|iPhoneSimulator
		{5F2C7B5A-7478-4257-A8A0-013FD2281A86}.Ad-Hoc|ARM.ActiveCfg = Release|iPhoneSimulator
		{5F2C7B5A-7478-4257-A8A0-013FD2281A86}.Ad-Hoc|ARM.Build.0 = Release|iPhoneSimulator
		{5F2C7B5A-7478-4257-A8A0-013FD2281A86}.Ad-Hoc|ARM64.ActiveCfg = Release|iPhoneSimulator
		{5F2C7B5A-7478-4257-A8A0-013FD2281A86}.Ad-Hoc|ARM64.Build.0 = Release|iPhoneSimulator
		{5F2C7B5A-7478-4257-A8A0-013FD2281A86}.Ad-Hoc|iPhone.ActiveCfg = Release|iPhoneSimulator
		{5F2C7B5A-7478-4257-A8A0-013FD2281A86}.Ad-Hoc|iPhone.Build.0 = Release|iPhoneSimulator
		{5F2C7B5A-7478-4257-A8A0-013FD2281A86}.Ad-Hoc|iPhoneSimulator.ActiveCfg = Release|iPhoneSimulator
		{5F2C7B5A-7478-4257-A8A0-013FD2281A86}.Ad-Hoc|iPhoneSimulator.Build.0 = Release|iPhoneSimulator
		{5F2C7B5A-7478-4257-A8A0-013FD2281A86}.Ad-Hoc|x64.ActiveCfg = Release|iPhoneSimulator
		{5F2C7B5A-7478-4257-A8A0-013FD2281A86}.Ad-Hoc|x64.Build.0 = Release|iPhoneSimulator
		{5F2C7B5A-7478-4257-A8A0-013FD2281A86}.Ad-Hoc|x86.ActiveCfg = Release|iPhoneSimulator
		{5F2C7B5A-7478-4257-A8A0-013FD2281A86}.Ad-Hoc|x86.Build.0 = Release|iPhoneSimulator
		{5F2C7B5A-7478-4257-A8A0-013FD2281A86}.AppStore|Any CPU.ActiveCfg = Release|iPhoneSimulator
		{5F2C7B5A-7478-4257-A8A0-013FD2281A86}.AppStore|Any CPU.Build.0 = Release|iPhoneSimulator
		{5F2C7B5A-7478-4257-A8A0-013FD2281A86}.AppStore|ARM.ActiveCfg = Release|iPhoneSimulator
		{5F2C7B5A-7478-4257-A8A0-013FD2281A86}.AppStore|ARM.Build.0 = Release|iPhoneSimulator
		{5F2C7B5A-7478-4257-A8A0-013FD2281A86}.AppStore|ARM64.ActiveCfg = Release|iPhoneSimulator
		{5F2C7B5A-7478-4257-A8A0-013FD2281A86}.AppStore|ARM64.Build.0 = Release|iPhoneSimulator
		{5F2C7B5A-7478-4257-A8A0-013FD2281A86}.AppStore|iPhone.ActiveCfg = Release|iPhoneSimulator
		{5F2C7B5A-7478-4257-A8A0-013FD2281A86}.AppStore|iPhone.Build.0 = Release|iPhoneSimulator
		{5F2C7B5A-7478-4257-A8A0-013FD2281A86}.AppStore|iPhoneSimulator.ActiveCfg = Release|iPhoneSimulator
		{5F2C7B5A-7478-4257-A8A0-013FD2281A86}.AppStore|iPhoneSimulator.Build.0 = Release|iPhoneSimulator
		{5F2C7B5A-7478-4257-A8A0-013FD2281A86}.AppStore|x64.ActiveCfg = Release|iPhoneSimulator
		{5F2C7B5A-7478-4257-A8A0-013FD2281A86}.AppStore|x64.Build.0 = Release|iPhoneSimulator
		{5F2C7B5A-7478-4257-A8A0-013FD2281A86}.AppStore|x86.ActiveCfg = Release|iPhoneSimulator
		{5F2C7B5A-7478-4257-A8A0-013FD2281A86}.AppStore|x86.Build.0 = Release|iPhoneSimulator
		{5F2C7B5A-7478-4257-A8A0-013FD2281A86}.Debug|Any CPU.ActiveCfg = Debug|iPhoneSimulator
		{5F2C7B5A-7478-4257-A8A0-013FD2281A86}.Debug|ARM.ActiveCfg = Debug|iPhoneSimulator
		{5F2C7B5A-7478-4257-A8A0-013FD2281A86}.Debug|ARM64.ActiveCfg = Debug|iPhoneSimulator
		{5F2C7B5A-7478-4257-A8A0-013FD2281A86}.Debug|iPhone.ActiveCfg = Debug|iPhoneSimulator
		{5F2C7B5A-7478-4257-A8A0-013FD2281A86}.Debug|iPhoneSimulator.ActiveCfg = Debug|iPhoneSimulator
		{5F2C7B5A-7478-4257-A8A0-013FD2281A86}.Debug|iPhoneSimulator.Build.0 = Debug|iPhoneSimulator
		{5F2C7B5A-7478-4257-A8A0-013FD2281A86}.Debug|x64.ActiveCfg = Debug|iPhoneSimulator
		{5F2C7B5A-7478-4257-A8A0-013FD2281A86}.Debug|x86.ActiveCfg = Debug|iPhoneSimulator
		{5F2C7B5A-7478-4257-A8A0-013FD2281A86}.Release|Any CPU.ActiveCfg = Release|iPhoneSimulator
		{5F2C7B5A-7478-4257-A8A0-013FD2281A86}.Release|ARM.ActiveCfg = Release|iPhoneSimulator
		{5F2C7B5A-7478-4257-A8A0-013FD2281A86}.Release|ARM64.ActiveCfg = Release|iPhoneSimulator
		{5F2C7B5A-7478-4257-A8A0-013FD2281A86}.Release|iPhone.ActiveCfg = Release|iPhoneSimulator
		{5F2C7B5A-7478-4257-A8A0-013FD2281A86}.Release|iPhoneSimulator.ActiveCfg = Release|iPhoneSimulator
		{5F2C7B5A-7478-4257-A8A0-013FD2281A86}.Release|iPhoneSimulator.Build.0 = Release|iPhoneSimulator
		{5F2C7B5A-7478-4257-A8A0-013FD2281A86}.Release|x64.ActiveCfg = Release|iPhoneSimulator
		{5F2C7B5A-7478-4257-A8A0-013FD2281A86}.Release|x86.ActiveCfg = Release|iPhoneSimulator
		{4CDF9745-3B86-41AC-87D2-323DF295D3D6}.Ad-Hoc|Any CPU.ActiveCfg = Debug|Any CPU
		{4CDF9745-3B86-41AC-87D2-323DF295D3D6}.Ad-Hoc|Any CPU.Build.0 = Debug|Any CPU
		{4CDF9745-3B86-41AC-87D2-323DF295D3D6}.Ad-Hoc|ARM.ActiveCfg = Debug|Any CPU
		{4CDF9745-3B86-41AC-87D2-323DF295D3D6}.Ad-Hoc|ARM.Build.0 = Debug|Any CPU
		{4CDF9745-3B86-41AC-87D2-323DF295D3D6}.Ad-Hoc|ARM64.ActiveCfg = Debug|Any CPU
		{4CDF9745-3B86-41AC-87D2-323DF295D3D6}.Ad-Hoc|ARM64.Build.0 = Debug|Any CPU
		{4CDF9745-3B86-41AC-87D2-323DF295D3D6}.Ad-Hoc|iPhone.ActiveCfg = Debug|Any CPU
		{4CDF9745-3B86-41AC-87D2-323DF295D3D6}.Ad-Hoc|iPhone.Build.0 = Debug|Any CPU
		{4CDF9745-3B86-41AC-87D2-323DF295D3D6}.Ad-Hoc|iPhoneSimulator.ActiveCfg = Debug|Any CPU
		{4CDF9745-3B86-41AC-87D2-323DF295D3D6}.Ad-Hoc|iPhoneSimulator.Build.0 = Debug|Any CPU
		{4CDF9745-3B86-41AC-87D2-323DF295D3D6}.Ad-Hoc|x64.ActiveCfg = Debug|Any CPU
		{4CDF9745-3B86-41AC-87D2-323DF295D3D6}.Ad-Hoc|x64.Build.0 = Debug|Any CPU
		{4CDF9745-3B86-41AC-87D2-323DF295D3D6}.Ad-Hoc|x86.ActiveCfg = Debug|Any CPU
		{4CDF9745-3B86-41AC-87D2-323DF295D3D6}.Ad-Hoc|x86.Build.0 = Debug|Any CPU
		{4CDF9745-3B86-41AC-87D2-323DF295D3D6}.AppStore|Any CPU.ActiveCfg = Debug|Any CPU
		{4CDF9745-3B86-41AC-87D2-323DF295D3D6}.AppStore|Any CPU.Build.0 = Debug|Any CPU
		{4CDF9745-3B86-41AC-87D2-323DF295D3D6}.AppStore|ARM.ActiveCfg = Debug|Any CPU
		{4CDF9745-3B86-41AC-87D2-323DF295D3D6}.AppStore|ARM.Build.0 = Debug|Any CPU
		{4CDF9745-3B86-41AC-87D2-323DF295D3D6}.AppStore|ARM64.ActiveCfg = Debug|Any CPU
		{4CDF9745-3B86-41AC-87D2-323DF295D3D6}.AppStore|ARM64.Build.0 = Debug|Any CPU
		{4CDF9745-3B86-41AC-87D2-323DF295D3D6}.AppStore|iPhone.ActiveCfg = Debug|Any CPU
		{4CDF9745-3B86-41AC-87D2-323DF295D3D6}.AppStore|iPhone.Build.0 = Debug|Any CPU
		{4CDF9745-3B86-41AC-87D2-323DF295D3D6}.AppStore|iPhoneSimulator.ActiveCfg = Debug|Any CPU
		{4CDF9745-3B86-41AC-87D2-323DF295D3D6}.AppStore|iPhoneSimulator.Build.0 = Debug|Any CPU
		{4CDF9745-3B86-41AC-87D2-323DF295D3D6}.AppStore|x64.ActiveCfg = Debug|Any CPU
		{4CDF9745-3B86-41AC-87D2-323DF295D3D6}.AppStore|x64.Build.0 = Debug|Any CPU
		{4CDF9745-3B86-41AC-87D2-323DF295D3D6}.AppStore|x86.ActiveCfg = Debug|Any CPU
		{4CDF9745-3B86-41AC-87D2-323DF295D3D6}.AppStore|x86.Build.0 = Debug|Any CPU
		{4CDF9745-3B86-41AC-87D2-323DF295D3D6}.Debug|Any CPU.ActiveCfg = Debug|Any CPU
		{4CDF9745-3B86-41AC-87D2-323DF295D3D6}.Debug|Any CPU.Build.0 = Debug|Any CPU
		{4CDF9745-3B86-41AC-87D2-323DF295D3D6}.Debug|ARM.ActiveCfg = Debug|Any CPU
		{4CDF9745-3B86-41AC-87D2-323DF295D3D6}.Debug|ARM.Build.0 = Debug|Any CPU
		{4CDF9745-3B86-41AC-87D2-323DF295D3D6}.Debug|ARM64.ActiveCfg = Debug|Any CPU
		{4CDF9745-3B86-41AC-87D2-323DF295D3D6}.Debug|ARM64.Build.0 = Debug|Any CPU
		{4CDF9745-3B86-41AC-87D2-323DF295D3D6}.Debug|iPhone.ActiveCfg = Debug|Any CPU
		{4CDF9745-3B86-41AC-87D2-323DF295D3D6}.Debug|iPhone.Build.0 = Debug|Any CPU
		{4CDF9745-3B86-41AC-87D2-323DF295D3D6}.Debug|iPhoneSimulator.ActiveCfg = Debug|Any CPU
		{4CDF9745-3B86-41AC-87D2-323DF295D3D6}.Debug|iPhoneSimulator.Build.0 = Debug|Any CPU
		{4CDF9745-3B86-41AC-87D2-323DF295D3D6}.Debug|x64.ActiveCfg = Debug|Any CPU
		{4CDF9745-3B86-41AC-87D2-323DF295D3D6}.Debug|x64.Build.0 = Debug|Any CPU
		{4CDF9745-3B86-41AC-87D2-323DF295D3D6}.Debug|x86.ActiveCfg = Debug|Any CPU
		{4CDF9745-3B86-41AC-87D2-323DF295D3D6}.Debug|x86.Build.0 = Debug|Any CPU
		{4CDF9745-3B86-41AC-87D2-323DF295D3D6}.Release|Any CPU.ActiveCfg = Release|Any CPU
		{4CDF9745-3B86-41AC-87D2-323DF295D3D6}.Release|Any CPU.Build.0 = Release|Any CPU
		{4CDF9745-3B86-41AC-87D2-323DF295D3D6}.Release|ARM.ActiveCfg = Release|Any CPU
		{4CDF9745-3B86-41AC-87D2-323DF295D3D6}.Release|ARM.Build.0 = Release|Any CPU
		{4CDF9745-3B86-41AC-87D2-323DF295D3D6}.Release|ARM64.ActiveCfg = Release|Any CPU
		{4CDF9745-3B86-41AC-87D2-323DF295D3D6}.Release|ARM64.Build.0 = Release|Any CPU
		{4CDF9745-3B86-41AC-87D2-323DF295D3D6}.Release|iPhone.ActiveCfg = Release|Any CPU
		{4CDF9745-3B86-41AC-87D2-323DF295D3D6}.Release|iPhone.Build.0 = Release|Any CPU
		{4CDF9745-3B86-41AC-87D2-323DF295D3D6}.Release|iPhoneSimulator.ActiveCfg = Release|Any CPU
		{4CDF9745-3B86-41AC-87D2-323DF295D3D6}.Release|iPhoneSimulator.Build.0 = Release|Any CPU
		{4CDF9745-3B86-41AC-87D2-323DF295D3D6}.Release|x64.ActiveCfg = Release|Any CPU
		{4CDF9745-3B86-41AC-87D2-323DF295D3D6}.Release|x64.Build.0 = Release|Any CPU
		{4CDF9745-3B86-41AC-87D2-323DF295D3D6}.Release|x86.ActiveCfg = Release|Any CPU
		{4CDF9745-3B86-41AC-87D2-323DF295D3D6}.Release|x86.Build.0 = Release|Any CPU
	EndGlobalSection
	GlobalSection(SolutionProperties) = preSolution
		HideSolutionNode = FALSE
	EndGlobalSection
	GlobalSection(ExtensibilityGlobals) = postSolution
		SolutionGuid = {F14C8701-39B3-467E-80FC-1C476C9206A5}
	EndGlobalSection
EndGlobal
